
Microsoft Visual Studio Solution File, Format Version 12.00
# Visual Studio Version 17
VisualStudioVersion = 17.8.34316.72
MinimumVisualStudioVersion = 10.0.40219.1
Project("{FAE04EC0-301F-11D3-BF4B-00C04F79EFBC}") = "MessageWallApp", "MessageWallApp\MessageWallApp.csproj", "{959B4F2E-85B0-4937-83A3-9DFCA2D44662}"
EndProject
Global
	GlobalSection(SolutionConfigurationPlatforms) = preSolution
		Debug|Any CPU = Debug|Any CPU
		Release|Any CPU = Release|Any CPU
	EndGlobalSection
	GlobalSection(ProjectConfigurationPlatforms) = postSolution
		{959B4F2E-85B0-4937-83A3-9DFCA2D44662}.Debug|Any CPU.ActiveCfg = Debug|Any CPU
		{959B4F2E-85B0-4937-83A3-9DFCA2D44662}.Debug|Any CPU.Build.0 = Debug|Any CPU
		{959B4F2E-85B0-4937-83A3-9DFCA2D44662}.Release|Any CPU.ActiveCfg = Release|Any CPU
		{959B4F2E-85B0-4937-83A3-9DFCA2D44662}.Release|Any CPU.Build.0 = Release|Any CPU
	EndGlobalSection
	GlobalSection(SolutionProperties) = preSolution
		HideSolutionNode = FALSE
	EndGlobalSection
	GlobalSection(ExtensibilityGlobals) = postSolution
		SolutionGuid = {2D0045AF-07DE-4DEC-9C50-0A0DF25D4892}
	EndGlobalSection
EndGlobal
